<?xml version="1.0" encoding="utf-8"?>
<Project ToolsVersion="4.0" xmlns="http://schemas.microsoft.com/developer/msbuild/2003">
  <ItemGroup>
    <ClCompile Include="VOSIMSynth.cpp" />
    <ClCompile Include="..\..\WDL\IPlug\IPlugVST.cpp">
      <Filter>vst2</Filter>
    </ClCompile>
    <ClCompile Include="MIDIReceiver.cpp" />
    <ClCompile Include="Oscillator.cpp" />
    <ClCompile Include="tables.cpp" />
    <ClCompile Include="UI.cpp" />
    <ClCompile Include="VoiceManager.cpp" />
  </ItemGroup>
  <ItemGroup>
    <ClInclude Include="VOSIMSynth.h" />
    <ClInclude Include="resource.h" />
    <ClInclude Include="..\..\WDL\IPlug\IPlugVST.h">
      <Filter>vst2</Filter>
    </ClInclude>
    <ClInclude Include="Oscillator.h" />
    <ClInclude Include="MIDIReceiver.h" />
    <ClInclude Include="Delegate.h" />
    <ClInclude Include="GallantSignal.h" />
    <ClInclude Include="UI.h" />
    <ClInclude Include="VoiceManager.h" />
  </ItemGroup>
  <ItemGroup>
    <ResourceCompile Include="VOSIMSynth.rc" />
  </ItemGroup>
  <ItemGroup>
    <Filter Include="vst2">
      <UniqueIdentifier>{ea16de74-9d15-4c60-ba09-d0924088d3e5}</UniqueIdentifier>
    </Filter>
  </ItemGroup>
</Project>