<?xml version="1.0" encoding="utf-8"?>
<Project ToolsVersion="4.0" xmlns="http://schemas.microsoft.com/developer/msbuild/2003">
  <ItemGroup>
    <Filter Include="app">
      <UniqueIdentifier>{6a6c24bd-7110-4436-97af-07990da17abf}</UniqueIdentifier>
    </Filter>
    <Filter Include="app\RtAudioMidi">
      <UniqueIdentifier>{ef87c677-1479-44bc-aef8-7ba960ef233d}</UniqueIdentifier>
    </Filter>
    <Filter Include="app\ASIO_SDK">
      <UniqueIdentifier>{b91b9db4-5584-4959-a395-7394ba3cf5a3}</UniqueIdentifier>
    </Filter>
    <Filter Include="Components">
      <UniqueIdentifier>{046577b4-6f83-4bb8-9910-c8866b48b1cf}</UniqueIdentifier>
    </Filter>
    <Filter Include="Components\Composite">
      <UniqueIdentifier>{d3ad0c40-2b31-4215-9903-e314349bc9d4}</UniqueIdentifier>
    </Filter>
    <Filter Include="Components\Connectors">
      <UniqueIdentifier>{244fae96-190d-488c-9412-80c594ac9bce}</UniqueIdentifier>
    </Filter>
    <Filter Include="Components\Units">
      <UniqueIdentifier>{b7c6e23d-ff1f-4295-a87c-4c3908e5bbac}</UniqueIdentifier>
    </Filter>
    <Filter Include="UI">
      <UniqueIdentifier>{6a6a1b1d-0693-47b7-b3f4-879ae417afaf}</UniqueIdentifier>
    </Filter>
    <Filter Include="Utils">
      <UniqueIdentifier>{a5d7ae24-426e-403a-920f-803a0587a9f8}</UniqueIdentifier>
    </Filter>
  </ItemGroup>
  <ItemGroup>
    <ClInclude Include="..\..\WDL\rtaudiomidi\RtAudio.h">
      <Filter>app\RtAudioMidi</Filter>
    </ClInclude>
    <ClInclude Include="..\..\WDL\rtaudiomidi\RtError.h">
      <Filter>app\RtAudioMidi</Filter>
    </ClInclude>
    <ClInclude Include="..\..\WDL\rtaudiomidi\RtMidi.h">
      <Filter>app\RtAudioMidi</Filter>
    </ClInclude>
    <ClInclude Include="..\..\ASIO_SDK\asiosys.h">
      <Filter>app\ASIO_SDK</Filter>
    </ClInclude>
    <ClInclude Include="..\..\ASIO_SDK\ginclude.h">
      <Filter>app\ASIO_SDK</Filter>
    </ClInclude>
    <ClInclude Include="..\..\ASIO_SDK\iasiodrv.h">
      <Filter>app\ASIO_SDK</Filter>
    </ClInclude>
    <ClInclude Include="..\..\ASIO_SDK\asio.h">
      <Filter>app\ASIO_SDK</Filter>
    </ClInclude>
    <ClInclude Include="..\..\ASIO_SDK\asiodrivers.h">
      <Filter>app\ASIO_SDK</Filter>
    </ClInclude>
    <ClInclude Include="..\..\ASIO_SDK\asiolist.h">
      <Filter>app\ASIO_SDK</Filter>
    </ClInclude>
    <ClInclude Include="app_wrapper\app_main.h">
      <Filter>app</Filter>
    </ClInclude>
    <ClInclude Include="resource.h" />
    <ClInclude Include="VOSIMSynth.h" />
    <ClInclude Include="..\..\WDL\IPlug\IPlugStandalone.h">
      <Filter>app</Filter>
    </ClInclude>
    <ClInclude Include="app_wrapper\app_resource.h" />
    <ClInclude Include="fftw3.h" />
    <ClInclude Include="Circuit.h">
      <Filter>Components\Composite</Filter>
    </ClInclude>
    <ClInclude Include="Instrument.h">
      <Filter>Components\Composite</Filter>
    </ClInclude>
    <ClInclude Include="VoiceManager.h">
      <Filter>Components\Composite</Filter>
    </ClInclude>
    <ClInclude Include="UnitParameter.h">
      <Filter>Components\Connectors</Filter>
    </ClInclude>
    <ClInclude Include="ADSREnvelope.h">
      <Filter>Components\Units</Filter>
    </ClInclude>
    <ClInclude Include="RandomOscillator.h">
      <Filter>Components\Units</Filter>
    </ClInclude>
    <ClInclude Include="SourceUnit.h">
      <Filter>Components\Units</Filter>
    </ClInclude>
    <ClInclude Include="Unit.h">
      <Filter>Components\Units</Filter>
    </ClInclude>
    <ClInclude Include="Envelope.h">
      <Filter>Components\Units</Filter>
    </ClInclude>
    <ClInclude Include="Filter.h">
      <Filter>Components\Units</Filter>
    </ClInclude>
    <ClInclude Include="UnitFactory.h">
      <Filter>Components\Units</Filter>
    </ClInclude>
    <ClInclude Include="VosimOscillator.h">
      <Filter>Components\Units</Filter>
    </ClInclude>
    <ClInclude Include="Oscillator.h">
      <Filter>Components\Units</Filter>
    </ClInclude>
    <ClInclude Include="CircuitPanel.h">
      <Filter>UI</Filter>
    </ClInclude>
    <ClInclude Include="ITextSlider.h">
      <Filter>UI</Filter>
    </ClInclude>
    <ClInclude Include="EnvelopeEditor.h">
      <Filter>UI</Filter>
    </ClInclude>
    <ClInclude Include="Oscilloscope.h">
      <Filter>UI</Filter>
    </ClInclude>
    <ClInclude Include="NDPoint.h">
      <Filter>UI</Filter>
    </ClInclude>
    <ClInclude Include="UnitControl.h">
      <Filter>UI</Filter>
    </ClInclude>
    <ClInclude Include="UI.h">
      <Filter>UI</Filter>
    </ClInclude>
    <ClInclude Include="Delegate.h">
      <Filter>Utils</Filter>
    </ClInclude>
    <ClInclude Include="DSPMath.h">
      <Filter>Utils</Filter>
    </ClInclude>
    <ClInclude Include="tables.h">
      <Filter>Utils</Filter>
    </ClInclude>
    <ClInclude Include="MIDIReceiver.h">
      <Filter>Utils</Filter>
    </ClInclude>
    <ClInclude Include="GallantSignal.h">
      <Filter>Utils</Filter>
    </ClInclude>
  </ItemGroup>
  <ItemGroup>
    <ClCompile Include="..\..\WDL\rtaudiomidi\RtAudio.cpp">
      <Filter>app\RtAudioMidi</Filter>
    </ClCompile>
    <ClCompile Include="..\..\WDL\rtaudiomidi\RtMidi.cpp">
      <Filter>app\RtAudioMidi</Filter>
    </ClCompile>
    <ClCompile Include="..\..\ASIO_SDK\asio.cpp">
      <Filter>app\ASIO_SDK</Filter>
    </ClCompile>
    <ClCompile Include="..\..\ASIO_SDK\asiodrivers.cpp">
      <Filter>app\ASIO_SDK</Filter>
    </ClCompile>
    <ClCompile Include="..\..\ASIO_SDK\asiolist.cpp">
      <Filter>app\ASIO_SDK</Filter>
    </ClCompile>
    <ClCompile Include="app_wrapper\app_dialog.cpp">
      <Filter>app</Filter>
    </ClCompile>
    <ClCompile Include="app_wrapper\app_main.cpp">
      <Filter>app</Filter>
    </ClCompile>
    <ClCompile Include="VOSIMSynth.cpp" />
    <ClCompile Include="..\..\WDL\IPlug\IPlugStandalone.cpp">
      <Filter>app</Filter>
    </ClCompile>
    <ClCompile Include="Circuit.cpp">
      <Filter>Components\Composite</Filter>
    </ClCompile>
    <ClCompile Include="Instrument.cpp">
      <Filter>Components\Composite</Filter>
    </ClCompile>
    <ClCompile Include="VoiceManager.cpp">
      <Filter>Components\Composite</Filter>
    </ClCompile>
    <ClCompile Include="UnitParameter.cpp">
      <Filter>Components\Connectors</Filter>
    </ClCompile>
    <ClCompile Include="ADSREnvelope.cpp">
      <Filter>Components\Units</Filter>
    </ClCompile>
    <ClCompile Include="Unit.cpp">
      <Filter>Components\Units</Filter>
    </ClCompile>
    <ClCompile Include="Envelope.cpp">
      <Filter>Components\Units</Filter>
    </ClCompile>
    <ClCompile Include="Filter.cpp">
      <Filter>Components\Units</Filter>
    </ClCompile>
    <ClCompile Include="VosimOscillator.cpp">
      <Filter>Components\Units</Filter>
    </ClCompile>
    <ClCompile Include="Oscillator.cpp">
      <Filter>Components\Units</Filter>
    </ClCompile>
    <ClCompile Include="CircuitPanel.cpp">
      <Filter>UI</Filter>
    </ClCompile>
    <ClCompile Include="EnvelopeEditor.cpp">
      <Filter>UI</Filter>
    </ClCompile>
    <ClCompile Include="Oscilloscope.cpp">
      <Filter>UI</Filter>
    </ClCompile>
    <ClCompile Include="UnitControl.cpp">
      <Filter>UI</Filter>
    </ClCompile>
    <ClCompile Include="OscilloscopeTransforms.cpp">
      <Filter>Utils</Filter>
    </ClCompile>
    <ClCompile Include="tables.cpp">
      <Filter>Utils</Filter>
    </ClCompile>
    <ClCompile Include="MIDIReceiver.cpp">
      <Filter>Utils</Filter>
    </ClCompile>
    <ClCompile Include="table_data.cpp">
      <Filter>Utils</Filter>
    </ClCompile>
  </ItemGroup>
  <ItemGroup>
    <ResourceCompile Include="VOSIMSynth.rc" />
  </ItemGroup>
  <ItemGroup>
    <Library Include="libfftw3-3.lib" />
  </ItemGroup>
</Project>